Microsoft Visual Studio Solution File, Format Version 12.00
# Visual Studio Version 17
VisualStudioVersion = 17.5.2.0
MinimumVisualStudioVersion = 10.0.40219.1
Project("{FAE04EC0-301F-11D3-BF4B-00C04F79EFBC}") = "Devilly", "Devilly.csproj", "{A38A9BE0-27B1-AB83-E291-6991B916D987}"
EndProject
Global
	GlobalSection(SolutionConfigurationPlatforms) = preSolution
		Debug|Any CPU = Debug|Any CPU
		Release|Any CPU = Release|Any CPU
	EndGlobalSection
	GlobalSection(ProjectConfigurationPlatforms) = postSolution
		{A38A9BE0-27B1-AB83-E291-6991B916D987}.Debug|Any CPU.ActiveCfg = Debug|Any CPU
		{A38A9BE0-27B1-AB83-E291-6991B916D987}.Debug|Any CPU.Build.0 = Debug|Any CPU
		{A38A9BE0-27B1-AB83-E291-6991B916D987}.Release|Any CPU.ActiveCfg = Release|Any CPU
		{A38A9BE0-27B1-AB83-E291-6991B916D987}.Release|Any CPU.Build.0 = Release|Any CPU
	EndGlobalSection
	GlobalSection(SolutionProperties) = preSolution
		HideSolutionNode = FALSE
	EndGlobalSection
	GlobalSection(ExtensibilityGlobals) = postSolution
		SolutionGuid = {1DD89C20-6448-45C7-AC13-F8429E5A527D}
	EndGlobalSection
EndGlobal
